// !$*UTF8*$!
{
	archiveVersion = 1;
	classes = {
	};
	objectVersion = 46;
	objects = {

/* Begin PBXBuildFile section */
		1D3623260D0F684500981E51 /* GroupLunchAppDelegate.m in Sources */ = {isa = PBXBuildFile; fileRef = 1D3623250D0F684500981E51 /* GroupLunchAppDelegate.m */; };
		1D60589B0D05DD56006BFB54 /* main.m in Sources */ = {isa = PBXBuildFile; fileRef = 29B97316FDCFA39411CA2CEA /* main.m */; };
		1D60589F0D05DD5A006BFB54 /* Foundation.framework in Frameworks */ = {isa = PBXBuildFile; fileRef = 1D30AB110D05D00D00671497 /* Foundation.framework */; };
		1DF5F4E00D08C38300B7A737 /* UIKit.framework in Frameworks */ = {isa = PBXBuildFile; fileRef = 1DF5F4DF0D08C38300B7A737 /* UIKit.framework */; };
		288765A50DF7441C002DB57D /* CoreGraphics.framework in Frameworks */ = {isa = PBXBuildFile; fileRef = 288765A40DF7441C002DB57D /* CoreGraphics.framework */; };
		2899E5220DE3E06400AC0155 /* GroupLunchViewController.xib in Resources */ = {isa = PBXBuildFile; fileRef = 2899E5210DE3E06400AC0155 /* GroupLunchViewController.xib */; };
		28AD733F0D9D9553002E5188 /* MainWindow.xib in Resources */ = {isa = PBXBuildFile; fileRef = 28AD733E0D9D9553002E5188 /* MainWindow.xib */; };
		28D7ACF80DDB3853001CB0EB /* GroupLunchViewController.m in Sources */ = {isa = PBXBuildFile; fileRef = 28D7ACF70DDB3853001CB0EB /* GroupLunchViewController.m */; };
		A303A9801292BDF100D4CE9B /* GroupLunch.png in Resources */ = {isa = PBXBuildFile; fileRef = A303A97F1292BDF100D4CE9B /* GroupLunch.png */; };
		A33FCEA7129D404700F51C42 /* GroupLunch1c.png in Resources */ = {isa = PBXBuildFile; fileRef = A33FCEA6129D404700F51C42 /* GroupLunch1c.png */; };
		A33FCF0B129D474700F51C42 /* DoneDown.png in Resources */ = {isa = PBXBuildFile; fileRef = A33FCF07129D474700F51C42 /* DoneDown.png */; };
		A33FCF0C129D474700F51C42 /* DoneDown3.png in Resources */ = {isa = PBXBuildFile; fileRef = A33FCF08129D474700F51C42 /* DoneDown3.png */; };
		A33FCF0D129D474700F51C42 /* DoneUp.png in Resources */ = {isa = PBXBuildFile; fileRef = A33FCF09129D474700F51C42 /* DoneUp.png */; };
		A33FCF0E129D474700F51C42 /* DoneUp3.png in Resources */ = {isa = PBXBuildFile; fileRef = A33FCF0A129D474700F51C42 /* DoneUp3.png */; };
		A33FCFDE129D5B5900F51C42 /* AboutViewController.m in Sources */ = {isa = PBXBuildFile; fileRef = A33FCFDC129D5B5900F51C42 /* AboutViewController.m */; };
		A33FCFDF129D5B5900F51C42 /* AboutViewController.xib in Resources */ = {isa = PBXBuildFile; fileRef = A33FCFDD129D5B5900F51C42 /* AboutViewController.xib */; };
		A33FCFE2129D5DF500F51C42 /* group_lunch_about.png in Resources */ = {isa = PBXBuildFile; fileRef = A33FCFE1129D5DF500F51C42 /* group_lunch_about.png */; };
		A35F3614129E07E9009C4BB7 /* icon.png in Resources */ = {isa = PBXBuildFile; fileRef = A35F3613129E07E9009C4BB7 /* icon.png */; };
		A38F058212BD65B000AA7CB1 /* Default.png in Resources */ = {isa = PBXBuildFile; fileRef = A38F058112BD65B000AA7CB1 /* Default.png */; };
		A38F05B812BD673800AA7CB1 /* BannerAdViewController.m in Sources */ = {isa = PBXBuildFile; fileRef = A38F05B712BD673800AA7CB1 /* BannerAdViewController.m */; };
		A39EA44612BD395B00623EDE /* spin_logo_green_120x60_banner.png in Resources */ = {isa = PBXBuildFile; fileRef = A39EA44512BD395B00623EDE /* spin_logo_green_120x60_banner.png */; };
		A39EA4A012BD42AC00623EDE /* iAd.framework in Frameworks */ = {isa = PBXBuildFile; fileRef = A39EA49F12BD42AC00623EDE /* iAd.framework */; };
/* End PBXBuildFile section */

/* Begin PBXFileReference section */
		1D30AB110D05D00D00671497 /* Foundation.framework */ = {isa = PBXFileReference; lastKnownFileType = wrapper.framework; name = Foundation.framework; path = System/Library/Frameworks/Foundation.framework; sourceTree = SDKROOT; };
		1D3623240D0F684500981E51 /* GroupLunchAppDelegate.h */ = {isa = PBXFileReference; fileEncoding = 4; lastKnownFileType = sourcecode.c.h; path = GroupLunchAppDelegate.h; sourceTree = "<group>"; };
		1D3623250D0F684500981E51 /* GroupLunchAppDelegate.m */ = {isa = PBXFileReference; fileEncoding = 4; lastKnownFileType = sourcecode.c.objc; path = GroupLunchAppDelegate.m; sourceTree = "<group>"; };
		1D6058910D05DD3D006BFB54 /* GroupLunch.app */ = {isa = PBXFileReference; explicitFileType = wrapper.application; includeInIndex = 0; path = GroupLunch.app; sourceTree = BUILT_PRODUCTS_DIR; };
		1DF5F4DF0D08C38300B7A737 /* UIKit.framework */ = {isa = PBXFileReference; lastKnownFileType = wrapper.framework; name = UIKit.framework; path = System/Library/Frameworks/UIKit.framework; sourceTree = SDKROOT; };
		288765A40DF7441C002DB57D /* CoreGraphics.framework */ = {isa = PBXFileReference; lastKnownFileType = wrapper.framework; name = CoreGraphics.framework; path = System/Library/Frameworks/CoreGraphics.framework; sourceTree = SDKROOT; };
		2899E5210DE3E06400AC0155 /* GroupLunchViewController.xib */ = {isa = PBXFileReference; lastKnownFileType = file.xib; path = GroupLunchViewController.xib; sourceTree = "<group>"; };
		28AD733E0D9D9553002E5188 /* MainWindow.xib */ = {isa = PBXFileReference; lastKnownFileType = file.xib; path = MainWindow.xib; sourceTree = "<group>"; };
		28D7ACF60DDB3853001CB0EB /* GroupLunchViewController.h */ = {isa = PBXFileReference; fileEncoding = 4; lastKnownFileType = sourcecode.c.h; path = GroupLunchViewController.h; sourceTree = "<group>"; };
		28D7ACF70DDB3853001CB0EB /* GroupLunchViewController.m */ = {isa = PBXFileReference; fileEncoding = 4; indentWidth = 4; lastKnownFileType = sourcecode.c.objc; path = GroupLunchViewController.m; sourceTree = "<group>"; tabWidth = 4; usesTabs = 0; };
		29B97316FDCFA39411CA2CEA /* main.m */ = {isa = PBXFileReference; fileEncoding = 4; lastKnownFileType = sourcecode.c.objc; path = main.m; sourceTree = "<group>"; };
		32CA4F630368D1EE00C91783 /* GroupLunch_Prefix.pch */ = {isa = PBXFileReference; fileEncoding = 4; lastKnownFileType = sourcecode.c.h; path = GroupLunch_Prefix.pch; sourceTree = "<group>"; };
		8D1107310486CEB800E47090 /* GroupLunch-Info.plist */ = {isa = PBXFileReference; fileEncoding = 4; lastKnownFileType = text.plist.xml; path = "GroupLunch-Info.plist"; plistStructureDefinitionIdentifier = "com.apple.xcode.plist.structure-definition.iphone.info-plist"; sourceTree = "<group>"; };
		A303A97F1292BDF100D4CE9B /* GroupLunch.png */ = {isa = PBXFileReference; lastKnownFileType = image.png; path = GroupLunch.png; sourceTree = "<group>"; };
		A33FCEA6129D404700F51C42 /* GroupLunch1c.png */ = {isa = PBXFileReference; lastKnownFileType = image.png; path = GroupLunch1c.png; sourceTree = "<group>"; };
		A33FCF07129D474700F51C42 /* DoneDown.png */ = {isa = PBXFileReference; lastKnownFileType = image.png; path = DoneDown.png; sourceTree = "<group>"; };
		A33FCF08129D474700F51C42 /* DoneDown3.png */ = {isa = PBXFileReference; lastKnownFileType = image.png; path = DoneDown3.png; sourceTree = "<group>"; };
		A33FCF09129D474700F51C42 /* DoneUp.png */ = {isa = PBXFileReference; lastKnownFileType = image.png; path = DoneUp.png; sourceTree = "<group>"; };
		A33FCF0A129D474700F51C42 /* DoneUp3.png */ = {isa = PBXFileReference; lastKnownFileType = image.png; path = DoneUp3.png; sourceTree = "<group>"; };
		A33FCFDB129D5B5900F51C42 /* AboutViewController.h */ = {isa = PBXFileReference; fileEncoding = 4; lastKnownFileType = sourcecode.c.h; path = AboutViewController.h; sourceTree = "<group>"; };
		A33FCFDC129D5B5900F51C42 /* AboutViewController.m */ = {isa = PBXFileReference; fileEncoding = 4; lastKnownFileType = sourcecode.c.objc; path = AboutViewController.m; sourceTree = "<group>"; };
		A33FCFDD129D5B5900F51C42 /* AboutViewController.xib */ = {isa = PBXFileReference; lastKnownFileType = file.xib; path = AboutViewController.xib; sourceTree = "<group>"; };
		A33FCFE1129D5DF500F51C42 /* group_lunch_about.png */ = {isa = PBXFileReference; lastKnownFileType = image.png; path = group_lunch_about.png; sourceTree = "<group>"; };
		A35F3613129E07E9009C4BB7 /* icon.png */ = {isa = PBXFileReference; lastKnownFileType = image.png; path = icon.png; sourceTree = "<group>"; };
		A38F058112BD65B000AA7CB1 /* Default.png */ = {isa = PBXFileReference; lastKnownFileType = image.png; path = Default.png; sourceTree = "<group>"; };
		A38F05B612BD673800AA7CB1 /* BannerAdViewController.h */ = {isa = PBXFileReference; fileEncoding = 4; lastKnownFileType = sourcecode.c.h; path = BannerAdViewController.h; sourceTree = "<group>"; };
		A38F05B712BD673800AA7CB1 /* BannerAdViewController.m */ = {isa = PBXFileReference; fileEncoding = 4; lastKnownFileType = sourcecode.c.objc; path = BannerAdViewController.m; sourceTree = "<group>"; };
		A38F061812BD83D000AA7CB1 /* iphone 4.0-Info.plist */ = {isa = PBXFileReference; lastKnownFileType = text.plist.xml; path = "iphone 4.0-Info.plist"; sourceTree = "<group>"; };
		A38F062212BD850A00AA7CB1 /* iphone 4.0.app */ = {isa = PBXFileReference; explicitFileType = wrapper.application; includeInIndex = 0; path = "iphone 4.0.app"; sourceTree = BUILT_PRODUCTS_DIR; };
		A39EA44512BD395B00623EDE /* spin_logo_green_120x60_banner.png */ = {isa = PBXFileReference; lastKnownFileType = image.png; path = spin_logo_green_120x60_banner.png; sourceTree = "<group>"; };
		A39EA49F12BD42AC00623EDE /* iAd.framework */ = {isa = PBXFileReference; lastKnownFileType = wrapper.framework; name = iAd.framework; path = System/Library/Frameworks/iAd.framework; sourceTree = SDKROOT; };
		A3E0C00B129DD295009ED6D5 /* Entitlements.plist */ = {isa = PBXFileReference; fileEncoding = 4; lastKnownFileType = text.plist.xml; path = Entitlements.plist; sourceTree = "<group>"; };
/* End PBXFileReference section */

/* Begin PBXFrameworksBuildPhase section */
		1D60588F0D05DD3D006BFB54 /* Frameworks */ = {
			isa = PBXFrameworksBuildPhase;
			buildActionMask = 2147483647;
			files = (
				1D60589F0D05DD5A006BFB54 /* Foundation.framework in Frameworks */,
				1DF5F4E00D08C38300B7A737 /* UIKit.framework in Frameworks */,
				288765A50DF7441C002DB57D /* CoreGraphics.framework in Frameworks */,
				A39EA4A012BD42AC00623EDE /* iAd.framework in Frameworks */,
			);
			runOnlyForDeploymentPostprocessing = 0;
		};
		A38F061412BD83D000AA7CB1 /* Frameworks */ = {
			isa = PBXFrameworksBuildPhase;
			buildActionMask = 2147483647;
			files = (
			);
			runOnlyForDeploymentPostprocessing = 0;
		};
/* End PBXFrameworksBuildPhase section */

/* Begin PBXGroup section */
		080E96DDFE201D6D7F000001 /* Classes */ = {
			isa = PBXGroup;
			children = (
				1D3623240D0F684500981E51 /* GroupLunchAppDelegate.h */,
				1D3623250D0F684500981E51 /* GroupLunchAppDelegate.m */,
				28D7ACF60DDB3853001CB0EB /* GroupLunchViewController.h */,
				28D7ACF70DDB3853001CB0EB /* GroupLunchViewController.m */,
				A33FCFDB129D5B5900F51C42 /* AboutViewController.h */,
				A33FCFDC129D5B5900F51C42 /* AboutViewController.m */,
				A33FCFDD129D5B5900F51C42 /* AboutViewController.xib */,
				A38F05B612BD673800AA7CB1 /* BannerAdViewController.h */,
				A38F05B712BD673800AA7CB1 /* BannerAdViewController.m */,
			);
			path = Classes;
			sourceTree = "<group>";
		};
		19C28FACFE9D520D11CA2CBB /* Products */ = {
			isa = PBXGroup;
			children = (
				1D6058910D05DD3D006BFB54 /* GroupLunch.app */,
				A38F062212BD850A00AA7CB1 /* iphone 4.0.app */,
			);
			name = Products;
			sourceTree = "<group>";
		};
		29B97314FDCFA39411CA2CEA /* CustomTemplate */ = {
			isa = PBXGroup;
			children = (
				A3E0C00B129DD295009ED6D5 /* Entitlements.plist */,
				080E96DDFE201D6D7F000001 /* Classes */,
				29B97315FDCFA39411CA2CEA /* Other Sources */,
				29B97317FDCFA39411CA2CEA /* Resources */,
				29B97323FDCFA39411CA2CEA /* Frameworks */,
				19C28FACFE9D520D11CA2CBB /* Products */,
				A38F061812BD83D000AA7CB1 /* iphone 4.0-Info.plist */,
			);
			name = CustomTemplate;
			sourceTree = "<group>";
		};
		29B97315FDCFA39411CA2CEA /* Other Sources */ = {
			isa = PBXGroup;
			children = (
				32CA4F630368D1EE00C91783 /* GroupLunch_Prefix.pch */,
				29B97316FDCFA39411CA2CEA /* main.m */,
			);
			name = "Other Sources";
			sourceTree = "<group>";
		};
		29B97317FDCFA39411CA2CEA /* Resources */ = {
			isa = PBXGroup;
			children = (
				2899E5210DE3E06400AC0155 /* GroupLunchViewController.xib */,
				28AD733E0D9D9553002E5188 /* MainWindow.xib */,
				A303A97F1292BDF100D4CE9B /* GroupLunch.png */,
				A33FCEA6129D404700F51C42 /* GroupLunch1c.png */,
				A33FCFE1129D5DF500F51C42 /* group_lunch_about.png */,
				A33FCF07129D474700F51C42 /* DoneDown.png */,
				A35F3613129E07E9009C4BB7 /* icon.png */,
				A38F058112BD65B000AA7CB1 /* Default.png */,
				A39EA44512BD395B00623EDE /* spin_logo_green_120x60_banner.png */,
				A33FCF08129D474700F51C42 /* DoneDown3.png */,
				A33FCF09129D474700F51C42 /* DoneUp.png */,
				A33FCF0A129D474700F51C42 /* DoneUp3.png */,
				8D1107310486CEB800E47090 /* GroupLunch-Info.plist */,
			);
			name = Resources;
			sourceTree = "<group>";
		};
		29B97323FDCFA39411CA2CEA /* Frameworks */ = {
			isa = PBXGroup;
			children = (
				1DF5F4DF0D08C38300B7A737 /* UIKit.framework */,
				1D30AB110D05D00D00671497 /* Foundation.framework */,
				288765A40DF7441C002DB57D /* CoreGraphics.framework */,
				A39EA49F12BD42AC00623EDE /* iAd.framework */,
			);
			name = Frameworks;
			sourceTree = "<group>";
		};
/* End PBXGroup section */

/* Begin PBXNativeTarget section */
		1D6058900D05DD3D006BFB54 /* GroupLunch */ = {
			isa = PBXNativeTarget;
			buildConfigurationList = 1D6058960D05DD3E006BFB54 /* Build configuration list for PBXNativeTarget "GroupLunch" */;
			buildPhases = (
				1D60588D0D05DD3D006BFB54 /* Resources */,
				1D60588E0D05DD3D006BFB54 /* Sources */,
				1D60588F0D05DD3D006BFB54 /* Frameworks */,
			);
			buildRules = (
			);
			dependencies = (
			);
			name = GroupLunch;
			productName = GroupLunch;
			productReference = 1D6058910D05DD3D006BFB54 /* GroupLunch.app */;
			productType = "com.apple.product-type.application";
		};
		A38F061512BD83D000AA7CB1 /* iphone 4.0 */ = {
			isa = PBXNativeTarget;
			buildConfigurationList = A38F061C12BD83D100AA7CB1 /* Build configuration list for PBXNativeTarget "iphone 4.0" */;
			buildPhases = (
				A38F061212BD83D000AA7CB1 /* Resources */,
				A38F061312BD83D000AA7CB1 /* Sources */,
				A38F061412BD83D000AA7CB1 /* Frameworks */,
			);
			buildRules = (
			);
			dependencies = (
			);
			name = "iphone 4.0";
			productName = "iphone 4.0";
			productReference = A38F062212BD850A00AA7CB1 /* iphone 4.0.app */;
			productType = "com.apple.product-type.application";
		};
/* End PBXNativeTarget section */

/* Begin PBXProject section */
		29B97313FDCFA39411CA2CEA /* Project object */ = {
			isa = PBXProject;
			attributes = {
				ORGANIZATIONNAME = "spin internet media llc";
			};
			buildConfigurationList = C01FCF4E08A954540054247B /* Build configuration list for PBXProject "GroupLunch" */;
			compatibilityVersion = "Xcode 3.2";
			developmentRegion = English;
			hasScannedForEncodings = 1;
			knownRegions = (
				English,
				Japanese,
				French,
				German,
			);
			mainGroup = 29B97314FDCFA39411CA2CEA /* CustomTemplate */;
			projectDirPath = "";
			projectRoot = "";
			targets = (
				1D6058900D05DD3D006BFB54 /* GroupLunch */,
				A38F061512BD83D000AA7CB1 /* iphone 4.0 */,
			);
		};
/* End PBXProject section */

/* Begin PBXResourcesBuildPhase section */
		1D60588D0D05DD3D006BFB54 /* Resources */ = {
			isa = PBXResourcesBuildPhase;
			buildActionMask = 2147483647;
			files = (
				28AD733F0D9D9553002E5188 /* MainWindow.xib in Resources */,
				2899E5220DE3E06400AC0155 /* GroupLunchViewController.xib in Resources */,
				A303A9801292BDF100D4CE9B /* GroupLunch.png in Resources */,
				A33FCEA7129D404700F51C42 /* GroupLunch1c.png in Resources */,
				A33FCF0B129D474700F51C42 /* DoneDown.png in Resources */,
				A33FCF0C129D474700F51C42 /* DoneDown3.png in Resources */,
				A33FCF0D129D474700F51C42 /* DoneUp.png in Resources */,
				A33FCF0E129D474700F51C42 /* DoneUp3.png in Resources */,
				A33FCFDF129D5B5900F51C42 /* AboutViewController.xib in Resources */,
				A33FCFE2129D5DF500F51C42 /* group_lunch_about.png in Resources */,
				A35F3614129E07E9009C4BB7 /* icon.png in Resources */,
				A39EA44612BD395B00623EDE /* spin_logo_green_120x60_banner.png in Resources */,
				A38F058212BD65B000AA7CB1 /* Default.png in Resources */,
			);
			runOnlyForDeploymentPostprocessing = 0;
		};
		A38F061212BD83D000AA7CB1 /* Resources */ = {
			isa = PBXResourcesBuildPhase;
			buildActionMask = 2147483647;
			files = (
			);
			runOnlyForDeploymentPostprocessing = 0;
		};
/* End PBXResourcesBuildPhase section */

/* Begin PBXSourcesBuildPhase section */
		1D60588E0D05DD3D006BFB54 /* Sources */ = {
			isa = PBXSourcesBuildPhase;
			buildActionMask = 2147483647;
			files = (
				1D60589B0D05DD56006BFB54 /* main.m in Sources */,
				1D3623260D0F684500981E51 /* GroupLunchAppDelegate.m in Sources */,
				28D7ACF80DDB3853001CB0EB /* GroupLunchViewController.m in Sources */,
				A33FCFDE129D5B5900F51C42 /* AboutViewController.m in Sources */,
				A38F05B812BD673800AA7CB1 /* BannerAdViewController.m in Sources */,
			);
			runOnlyForDeploymentPostprocessing = 0;
		};
		A38F061312BD83D000AA7CB1 /* Sources */ = {
			isa = PBXSourcesBuildPhase;
			buildActionMask = 2147483647;
			files = (
			);
			runOnlyForDeploymentPostprocessing = 0;
		};
/* End PBXSourcesBuildPhase section */

/* Begin XCBuildConfiguration section */
		1D6058940D05DD3E006BFB54 /* Debug */ = {
			isa = XCBuildConfiguration;
			buildSettings = {
				ALWAYS_SEARCH_USER_PATHS = NO;
				CODE_SIGN_ENTITLEMENTS = "~/Documents/homework/iphone1/GroupLunch/Entitlements.plist";
				COPY_PHASE_STRIP = NO;
				GCC_DYNAMIC_NO_PIC = NO;
				GCC_OPTIMIZATION_LEVEL = 0;
				GCC_PRECOMPILE_PREFIX_HEADER = YES;
				GCC_PREFIX_HEADER = GroupLunch_Prefix.pch;
				INFOPLIST_FILE = "GroupLunch-Info.plist";
				OTHER_LDFLAGS = "";
				PRODUCT_NAME = GroupLunch;
			};
			name = Debug;
		};
		1D6058950D05DD3E006BFB54 /* Release */ = {
			isa = XCBuildConfiguration;
			buildSettings = {
				ALWAYS_SEARCH_USER_PATHS = NO;
				CODE_SIGN_ENTITLEMENTS = "~/Documents/homework/iphone1/GroupLunch/Entitlements.plist";
				COPY_PHASE_STRIP = YES;
				GCC_PRECOMPILE_PREFIX_HEADER = YES;
				GCC_PREFIX_HEADER = GroupLunch_Prefix.pch;
				INFOPLIST_FILE = "GroupLunch-Info.plist";
				OTHER_LDFLAGS = "";
				PRODUCT_NAME = GroupLunch;
				VALIDATE_PRODUCT = YES;
			};
			name = Release;
		};
		A35F3638129E1434009C4BB7 /* Distribution */ = {
			isa = XCBuildConfiguration;
			buildSettings = {
				ARCHS = "$(ARCHS_STANDARD_32_BIT)";
				CODE_SIGN_ENTITLEMENTS = "";
				"CODE_SIGN_IDENTITY[sdk=iphoneos*]" = "iPhone Distribution";
				GCC_C_LANGUAGE_STANDARD = c99;
				GCC_VERSION = 4.2;
				GCC_WARN_ABOUT_RETURN_TYPE = YES;
				GCC_WARN_UNUSED_VARIABLE = YES;
				IPHONEOS_DEPLOYMENT_TARGET = 4.0;
				OTHER_CFLAGS = "-DNS_BLOCK_ASSERTIONS=1";
				PREBINDING = NO;
				"PROVISIONING_PROFILE[sdk=iphoneos*]" = "";
				SDKROOT = iphoneos;
			};
			name = Distribution;
		};
		A35F3639129E1434009C4BB7 /* Distribution */ = {
			isa = XCBuildConfiguration;
			buildSettings = {
				ALWAYS_SEARCH_USER_PATHS = NO;
				CODE_SIGN_ENTITLEMENTS = "~/Documents/homework/iphone1/GroupLunch/Entitlements.plist";
				COPY_PHASE_STRIP = YES;
				GCC_PRECOMPILE_PREFIX_HEADER = YES;
				GCC_PREFIX_HEADER = GroupLunch_Prefix.pch;
				INFOPLIST_FILE = "GroupLunch-Info.plist";
				OTHER_LDFLAGS = "";
				PRODUCT_NAME = GroupLunch;
				VALIDATE_PRODUCT = YES;
			};
			name = Distribution;
		};
		A38F061912BD83D000AA7CB1 /* Debug */ = {
			isa = XCBuildConfiguration;
			buildSettings = {
				ALWAYS_SEARCH_USER_PATHS = NO;
				CODE_SIGN_IDENTITY = "iPhone Developer";
				COPY_PHASE_STRIP = NO;
				GCC_DYNAMIC_NO_PIC = NO;
				GCC_OPTIMIZATION_LEVEL = 0;
				GCC_PRECOMPILE_PREFIX_HEADER = YES;
				GCC_PREFIX_HEADER = "$(SYSTEM_LIBRARY_DIR)/Frameworks/UIKit.framework/Headers/UIKit.h";
				INFOPLIST_FILE = "iphone 4.0-Info.plist";
				INSTALL_PATH = "$(HOME)/Applications";
				OTHER_LDFLAGS = (
					"-framework",
					Foundation,
					"-framework",
					UIKit,
				);
				PREBINDING = NO;
				PRODUCT_NAME = "iphone 4.0";
				SDKROOT = iphoneos;
			};
			name = Debug;
		};
		A38F061A12BD83D000AA7CB1 /* Release */ = {
			isa = XCBuildConfiguration;
			buildSettings = {
				ALWAYS_SEARCH_USER_PATHS = NO;
				CODE_SIGN_IDENTITY = "iPhone Developer";
				COPY_PHASE_STRIP = YES;
				DEBUG_INFORMATION_FORMAT = "dwarf-with-dsym";
				GCC_ENABLE_FIX_AND_CONTINUE = NO;
				GCC_PRECOMPILE_PREFIX_HEADER = YES;
				GCC_PREFIX_HEADER = "$(SYSTEM_LIBRARY_DIR)/Frameworks/UIKit.framework/Headers/UIKit.h";
				INFOPLIST_FILE = "iphone 4.0-Info.plist";
				INSTALL_PATH = "$(HOME)/Applications";
				OTHER_LDFLAGS = (
					"-framework",
					Foundation,
					"-framework",
					UIKit,
				);
				PREBINDING = NO;
				PRODUCT_NAME = "iphone 4.0";
				SDKROOT = iphoneos;
				ZERO_LINK = NO;
			};
			name = Release;
		};
		A38F061B12BD83D000AA7CB1 /* Distribution */ = {
			isa = XCBuildConfiguration;
			buildSettings = {
				ALWAYS_SEARCH_USER_PATHS = NO;
				CODE_SIGN_IDENTITY = "iPhone Developer";
				GCC_PRECOMPILE_PREFIX_HEADER = YES;
				GCC_PREFIX_HEADER = "$(SYSTEM_LIBRARY_DIR)/Frameworks/UIKit.framework/Headers/UIKit.h";
				INFOPLIST_FILE = "iphone 4.0-Info.plist";
				INSTALL_PATH = "$(HOME)/Applications";
				OTHER_LDFLAGS = (
					"-framework",
					Foundation,
					"-framework",
					UIKit,
				);
				PREBINDING = NO;
				PRODUCT_NAME = "iphone 4.0";
				SDKROOT = iphoneos;
			};
			name = Distribution;
		};
		C01FCF4F08A954540054247B /* Debug */ = {
			isa = XCBuildConfiguration;
			buildSettings = {
				ARCHS = "$(ARCHS_STANDARD_32_BIT)";
				CODE_SIGN_ENTITLEMENTS = "";
				"CODE_SIGN_IDENTITY[sdk=iphoneos*]" = "iPhone Developer: Randy Melder (LP4FP6Y937)";
				GCC_C_LANGUAGE_STANDARD = c99;
				GCC_WARN_ABOUT_RETURN_TYPE = YES;
				GCC_WARN_UNUSED_VARIABLE = YES;
				IPHONEOS_DEPLOYMENT_TARGET = 4.0;
				PREBINDING = NO;
				"PROVISIONING_PROFILE[sdk=iphoneos*]" = "5C77C828-45B7-41A2-AC19-60019392CC29";
				SDKROOT = iphoneos;
			};
			name = Debug;
		};
		C01FCF5008A954540054247B /* Release */ = {
			isa = XCBuildConfiguration;
			buildSettings = {
				ARCHS = "$(ARCHS_STANDARD_32_BIT)";
				CODE_SIGN_ENTITLEMENTS = "";
				"CODE_SIGN_IDENTITY[sdk=iphoneos*]" = "iPhone Distribution";
				GCC_C_LANGUAGE_STANDARD = c99;
				GCC_WARN_ABOUT_RETURN_TYPE = YES;
				GCC_WARN_UNUSED_VARIABLE = YES;
				IPHONEOS_DEPLOYMENT_TARGET = 4.0;
				OTHER_CFLAGS = "-DNS_BLOCK_ASSERTIONS=1";
				PREBINDING = NO;
				"PROVISIONING_PROFILE[sdk=iphoneos*]" = "";
				SDKROOT = iphoneos;
			};
			name = Release;
		};
/* End XCBuildConfiguration section */

/* Begin XCConfigurationList section */
		1D6058960D05DD3E006BFB54 /* Build configuration list for PBXNativeTarget "GroupLunch" */ = {
			isa = XCConfigurationList;
			buildConfigurations = (
				1D6058940D05DD3E006BFB54 /* Debug */,
				1D6058950D05DD3E006BFB54 /* Release */,
				A35F3639129E1434009C4BB7 /* Distribution */,
			);
			defaultConfigurationIsVisible = 0;
			defaultConfigurationName = Release;
		};
		A38F061C12BD83D100AA7CB1 /* Build configuration list for PBXNativeTarget "iphone 4.0" */ = {
			isa = XCConfigurationList;
			buildConfigurations = (
				A38F061912BD83D000AA7CB1 /* Debug */,
				A38F061A12BD83D000AA7CB1 /* Release */,
				A38F061B12BD83D000AA7CB1 /* Distribution */,
			);
			defaultConfigurationIsVisible = 0;
			defaultConfigurationName = Release;
		};
		C01FCF4E08A954540054247B /* Build configuration list for PBXProject "GroupLunch" */ = {
			isa = XCConfigurationList;
			buildConfigurations = (
				C01FCF4F08A954540054247B /* Debug */,
				C01FCF5008A954540054247B /* Release */,
				A35F3638129E1434009C4BB7 /* Distribution */,
			);
			defaultConfigurationIsVisible = 0;
			defaultConfigurationName = Release;
		};
/* End XCConfigurationList section */
	};
	rootObject = 29B97313FDCFA39411CA2CEA /* Project object */;
}
